
Microsoft Visual Studio Solution File, Format Version 12.00
# Visual Studio Version 16
VisualStudioVersion = 16.0.30413.136
MinimumVisualStudioVersion = 10.0.40219.1
Project("{8BC9CEB8-8B4A-11D0-8D11-00A0C91BC942}") = "GLGame", "GLGame\GLGame.vcxproj", "{B89FCA77-0865-4D16-B37C-C3C9AB9C75C4}"
EndProject
Global
	GlobalSection(SolutionConfigurationPlatforms) = preSolution
		Debug|x64 = Debug|x64
		Debug|x86 = Debug|x86
		Release|x64 = Release|x64
		Release|x86 = Release|x86
	EndGlobalSection
	GlobalSection(ProjectConfigurationPlatforms) = postSolution
		{B89FCA77-0865-4D16-B37C-C3C9AB9C75C4}.Debug|x64.ActiveCfg = Debug|x64
		{B89FCA77-0865-4D16-B37C-C3C9AB9C75C4}.Debug|x64.Build.0 = Debug|x64
		{B89FCA77-0865-4D16-B37C-C3C9AB9C75C4}.Debug|x86.ActiveCfg = Debug|Win32
		{B89FCA77-0865-4D16-B37C-C3C9AB9C75C4}.Debug|x86.Build.0 = Debug|Win32
		{B89FCA77-0865-4D16-B37C-C3C9AB9C75C4}.Release|x64.ActiveCfg = Release|x64
		{B89FCA77-0865-4D16-B37C-C3C9AB9C75C4}.Release|x64.Build.0 = Release|x64
		{B89FCA77-0865-4D16-B37C-C3C9AB9C75C4}.Release|x86.ActiveCfg = Release|Win32
		{B89FCA77-0865-4D16-B37C-C3C9AB9C75C4}.Release|x86.Build.0 = Release|Win32
	EndGlobalSection
	GlobalSection(SolutionProperties) = preSolution
		HideSolutionNode = FALSE
	EndGlobalSection
	GlobalSection(ExtensibilityGlobals) = postSolution
		SolutionGuid = {045C736A-F979-489C-86A0-7DCAED05782F}
	EndGlobalSection
EndGlobal
