<?xml version="1.0" encoding="utf-8"?>
<Project ToolsVersion="4.0" xmlns="http://schemas.microsoft.com/developer/msbuild/2003">
  <ItemGroup>
    <Filter Include="Source Files">
      <UniqueIdentifier>{4FC737F1-C7A5-4376-A066-2A32D752A2FF}</UniqueIdentifier>
      <Extensions>cpp;c;cc;cxx;c++;cppm;ixx;def;odl;idl;hpj;bat;asm;asmx</Extensions>
    </Filter>
    <Filter Include="Header Files">
      <UniqueIdentifier>{93995380-89BD-4b04-88EB-625FBE52EBFB}</UniqueIdentifier>
      <Extensions>h;hh;hpp;hxx;h++;hm;inl;inc;ipp;xsd</Extensions>
    </Filter>
    <Filter Include="Resource Files">
      <UniqueIdentifier>{67DA6AB6-F800-4c08-8B7A-83BB121AAD01}</UniqueIdentifier>
      <Extensions>rc;ico;cur;bmp;dlg;rc2;rct;bin;rgs;gif;jpg;jpeg;jpe;resx;tiff;tif;png;wav;mfcribbon-ms</Extensions>
    </Filter>
  </ItemGroup>
  <ItemGroup>
    <ClCompile Include="src\main.cpp">
      <Filter>Source Files</Filter>
    </ClCompile>
    <ClCompile Include="src\glad.c">
      <Filter>Source Files</Filter>
    </ClCompile>
    <ClCompile Include="src\fileio\stb_image.c">
      <Filter>Source Files</Filter>
    </ClCompile>
    <ClCompile Include="src\fileio\FileUtils.cpp">
      <Filter>Source Files</Filter>
    </ClCompile>
    <ClCompile Include="src\render\Shader.cpp">
      <Filter>Source Files</Filter>
    </ClCompile>
    <ClCompile Include="src\render\VertexArray.cpp">
      <Filter>Source Files</Filter>
    </ClCompile>
    <ClCompile Include="src\render\VertexElementBuffer.cpp">
      <Filter>Source Files</Filter>
    </ClCompile>
    <ClCompile Include="src\render\Texture.cpp">
      <Filter>Source Files</Filter>
    </ClCompile>
  </ItemGroup>
  <ItemGroup>
    <ClInclude Include="src\fileio\stb_image.h">
      <Filter>Header Files</Filter>
    </ClInclude>
    <ClInclude Include="src\fileio\FileUtils.h">
      <Filter>Header Files</Filter>
    </ClInclude>
    <ClInclude Include="src\render\Shader.h">
      <Filter>Header Files</Filter>
    </ClInclude>
    <ClInclude Include="src\Event.h">
      <Filter>Header Files</Filter>
    </ClInclude>
    <ClInclude Include="src\render\VertexArray.h">
      <Filter>Header Files</Filter>
    </ClInclude>
    <ClInclude Include="src\render\VertexElementBuffer.h">
      <Filter>Header Files</Filter>
    </ClInclude>
    <ClInclude Include="src\Debug.h">
      <Filter>Header Files</Filter>
    </ClInclude>
    <ClInclude Include="src\render\Texture.h">
      <Filter>Header Files</Filter>
    </ClInclude>
    <ClInclude Include="external\includes\glad\glad.h">
      <Filter>Header Files</Filter>
    </ClInclude>
    <ClInclude Include="external\includes\GLFW\glfw3.h">
      <Filter>Header Files</Filter>
    </ClInclude>
    <ClInclude Include="external\includes\GLFW\glfw3native.h">
      <Filter>Header Files</Filter>
    </ClInclude>
    <ClInclude Include="external\includes\glm\detail\compute_common.hpp">
      <Filter>Header Files</Filter>
    </ClInclude>
    <ClInclude Include="external\includes\glm\detail\compute_vector_relational.hpp">
      <Filter>Header Files</Filter>
    </ClInclude>
    <ClInclude Include="external\includes\glm\detail\qualifier.hpp">
      <Filter>Header Files</Filter>
    </ClInclude>
    <ClInclude Include="external\includes\glm\detail\type_quat.hpp">
      <Filter>Header Files</Filter>
    </ClInclude>
    <ClInclude Include="external\includes\glm\ext\matrix_clip_space.hpp">
      <Filter>Header Files</Filter>
    </ClInclude>
    <ClInclude Include="external\includes\glm\ext\matrix_common.hpp">
      <Filter>Header Files</Filter>
    </ClInclude>
    <ClInclude Include="external\includes\glm\ext\matrix_double2x2.hpp">
      <Filter>Header Files</Filter>
    </ClInclude>
    <ClInclude Include="external\includes\glm\ext\matrix_double2x2_precision.hpp">
      <Filter>Header Files</Filter>
    </ClInclude>
    <ClInclude Include="external\includes\glm\ext\matrix_double2x3.hpp">
      <Filter>Header Files</Filter>
    </ClInclude>
    <ClInclude Include="external\includes\glm\ext\matrix_double2x3_precision.hpp">
      <Filter>Header Files</Filter>
    </ClInclude>
    <ClInclude Include="external\includes\glm\ext\matrix_double2x4.hpp">
      <Filter>Header Files</Filter>
    </ClInclude>
    <ClInclude Include="external\includes\glm\ext\matrix_double2x4_precision.hpp">
      <Filter>Header Files</Filter>
    </ClInclude>
    <ClInclude Include="external\includes\glm\ext\matrix_double3x2.hpp">
      <Filter>Header Files</Filter>
    </ClInclude>
    <ClInclude Include="external\includes\glm\ext\matrix_double3x2_precision.hpp">
      <Filter>Header Files</Filter>
    </ClInclude>
    <ClInclude Include="external\includes\glm\ext\matrix_double3x3.hpp">
      <Filter>Header Files</Filter>
    </ClInclude>
    <ClInclude Include="external\includes\glm\ext\matrix_double3x3_precision.hpp">
      <Filter>Header Files</Filter>
    </ClInclude>
    <ClInclude Include="external\includes\glm\ext\matrix_double3x4.hpp">
      <Filter>Header Files</Filter>
    </ClInclude>
    <ClInclude Include="external\includes\glm\ext\matrix_double3x4_precision.hpp">
      <Filter>Header Files</Filter>
    </ClInclude>
    <ClInclude Include="external\includes\glm\ext\matrix_double4x2.hpp">
      <Filter>Header Files</Filter>
    </ClInclude>
    <ClInclude Include="external\includes\glm\ext\matrix_double4x2_precision.hpp">
      <Filter>Header Files</Filter>
    </ClInclude>
    <ClInclude Include="external\includes\glm\ext\matrix_double4x3.hpp">
      <Filter>Header Files</Filter>
    </ClInclude>
    <ClInclude Include="external\includes\glm\ext\matrix_double4x3_precision.hpp">
      <Filter>Header Files</Filter>
    </ClInclude>
    <ClInclude Include="external\includes\glm\ext\matrix_double4x4.hpp">
      <Filter>Header Files</Filter>
    </ClInclude>
    <ClInclude Include="external\includes\glm\ext\matrix_double4x4_precision.hpp">
      <Filter>Header Files</Filter>
    </ClInclude>
    <ClInclude Include="external\includes\glm\ext\matrix_float2x2.hpp">
      <Filter>Header Files</Filter>
    </ClInclude>
    <ClInclude Include="external\includes\glm\ext\matrix_float2x2_precision.hpp">
      <Filter>Header Files</Filter>
    </ClInclude>
    <ClInclude Include="external\includes\glm\ext\matrix_float2x3.hpp">
      <Filter>Header Files</Filter>
    </ClInclude>
    <ClInclude Include="external\includes\glm\ext\matrix_float2x3_precision.hpp">
      <Filter>Header Files</Filter>
    </ClInclude>
    <ClInclude Include="external\includes\glm\ext\matrix_float2x4.hpp">
      <Filter>Header Files</Filter>
    </ClInclude>
    <ClInclude Include="external\includes\glm\ext\matrix_float2x4_precision.hpp">
      <Filter>Header Files</Filter>
    </ClInclude>
    <ClInclude Include="external\includes\glm\ext\matrix_float3x2.hpp">
      <Filter>Header Files</Filter>
    </ClInclude>
    <ClInclude Include="external\includes\glm\ext\matrix_float3x2_precision.hpp">
      <Filter>Header Files</Filter>
    </ClInclude>
    <ClInclude Include="external\includes\glm\ext\matrix_float3x3.hpp">
      <Filter>Header Files</Filter>
    </ClInclude>
    <ClInclude Include="external\includes\glm\ext\matrix_float3x3_precision.hpp">
      <Filter>Header Files</Filter>
    </ClInclude>
    <ClInclude Include="external\includes\glm\ext\matrix_float3x4.hpp">
      <Filter>Header Files</Filter>
    </ClInclude>
    <ClInclude Include="external\includes\glm\ext\matrix_float3x4_precision.hpp">
      <Filter>Header Files</Filter>
    </ClInclude>
    <ClInclude Include="external\includes\glm\ext\matrix_float4x2.hpp">
      <Filter>Header Files</Filter>
    </ClInclude>
    <ClInclude Include="external\includes\glm\ext\matrix_float4x2_precision.hpp">
      <Filter>Header Files</Filter>
    </ClInclude>
    <ClInclude Include="external\includes\glm\ext\matrix_float4x3.hpp">
      <Filter>Header Files</Filter>
    </ClInclude>
    <ClInclude Include="external\includes\glm\ext\matrix_float4x3_precision.hpp">
      <Filter>Header Files</Filter>
    </ClInclude>
    <ClInclude Include="external\includes\glm\ext\matrix_float4x4.hpp">
      <Filter>Header Files</Filter>
    </ClInclude>
    <ClInclude Include="external\includes\glm\ext\matrix_float4x4_precision.hpp">
      <Filter>Header Files</Filter>
    </ClInclude>
    <ClInclude Include="external\includes\glm\ext\matrix_projection.hpp">
      <Filter>Header Files</Filter>
    </ClInclude>
    <ClInclude Include="external\includes\glm\ext\matrix_relational.hpp">
      <Filter>Header Files</Filter>
    </ClInclude>
    <ClInclude Include="external\includes\glm\ext\matrix_transform.hpp">
      <Filter>Header Files</Filter>
    </ClInclude>
    <ClInclude Include="external\includes\glm\ext\quaternion_common.hpp">
      <Filter>Header Files</Filter>
    </ClInclude>
    <ClInclude Include="external\includes\glm\ext\quaternion_double.hpp">
      <Filter>Header Files</Filter>
    </ClInclude>
    <ClInclude Include="external\includes\glm\ext\quaternion_double_precision.hpp">
      <Filter>Header Files</Filter>
    </ClInclude>
    <ClInclude Include="external\includes\glm\ext\quaternion_exponential.hpp">
      <Filter>Header Files</Filter>
    </ClInclude>
    <ClInclude Include="external\includes\glm\ext\quaternion_float.hpp">
      <Filter>Header Files</Filter>
    </ClInclude>
    <ClInclude Include="external\includes\glm\ext\quaternion_float_precision.hpp">
      <Filter>Header Files</Filter>
    </ClInclude>
    <ClInclude Include="external\includes\glm\ext\quaternion_geometric.hpp">
      <Filter>Header Files</Filter>
    </ClInclude>
    <ClInclude Include="external\includes\glm\ext\quaternion_relational.hpp">
      <Filter>Header Files</Filter>
    </ClInclude>
    <ClInclude Include="external\includes\glm\ext\quaternion_transform.hpp">
      <Filter>Header Files</Filter>
    </ClInclude>
    <ClInclude Include="external\includes\glm\ext\quaternion_trigonometric.hpp">
      <Filter>Header Files</Filter>
    </ClInclude>
    <ClInclude Include="external\includes\glm\ext\scalar_common.hpp">
      <Filter>Header Files</Filter>
    </ClInclude>
    <ClInclude Include="external\includes\glm\ext\scalar_constants.hpp">
      <Filter>Header Files</Filter>
    </ClInclude>
    <ClInclude Include="external\includes\glm\ext\scalar_int_sized.hpp">
      <Filter>Header Files</Filter>
    </ClInclude>
    <ClInclude Include="external\includes\glm\ext\scalar_integer.hpp">
      <Filter>Header Files</Filter>
    </ClInclude>
    <ClInclude Include="external\includes\glm\ext\scalar_relational.hpp">
      <Filter>Header Files</Filter>
    </ClInclude>
    <ClInclude Include="external\includes\glm\ext\scalar_uint_sized.hpp">
      <Filter>Header Files</Filter>
    </ClInclude>
    <ClInclude Include="external\includes\glm\ext\scalar_ulp.hpp">
      <Filter>Header Files</Filter>
    </ClInclude>
    <ClInclude Include="external\includes\glm\ext\vector_bool1.hpp">
      <Filter>Header Files</Filter>
    </ClInclude>
    <ClInclude Include="external\includes\glm\ext\vector_bool1_precision.hpp">
      <Filter>Header Files</Filter>
    </ClInclude>
    <ClInclude Include="external\includes\glm\ext\vector_bool2.hpp">
      <Filter>Header Files</Filter>
    </ClInclude>
    <ClInclude Include="external\includes\glm\ext\vector_bool2_precision.hpp">
      <Filter>Header Files</Filter>
    </ClInclude>
    <ClInclude Include="external\includes\glm\ext\vector_bool3.hpp">
      <Filter>Header Files</Filter>
    </ClInclude>
    <ClInclude Include="external\includes\glm\ext\vector_bool3_precision.hpp">
      <Filter>Header Files</Filter>
    </ClInclude>
    <ClInclude Include="external\includes\glm\ext\vector_bool4.hpp">
      <Filter>Header Files</Filter>
    </ClInclude>
    <ClInclude Include="external\includes\glm\ext\vector_bool4_precision.hpp">
      <Filter>Header Files</Filter>
    </ClInclude>
    <ClInclude Include="external\includes\glm\ext\vector_common.hpp">
      <Filter>Header Files</Filter>
    </ClInclude>
    <ClInclude Include="external\includes\glm\ext\vector_double1.hpp">
      <Filter>Header Files</Filter>
    </ClInclude>
    <ClInclude Include="external\includes\glm\ext\vector_double1_precision.hpp">
      <Filter>Header Files</Filter>
    </ClInclude>
    <ClInclude Include="external\includes\glm\ext\vector_double2.hpp">
      <Filter>Header Files</Filter>
    </ClInclude>
    <ClInclude Include="external\includes\glm\ext\vector_double2_precision.hpp">
      <Filter>Header Files</Filter>
    </ClInclude>
    <ClInclude Include="external\includes\glm\ext\vector_double3.hpp">
      <Filter>Header Files</Filter>
    </ClInclude>
    <ClInclude Include="external\includes\glm\ext\vector_double3_precision.hpp">
      <Filter>Header Files</Filter>
    </ClInclude>
    <ClInclude Include="external\includes\glm\ext\vector_double4.hpp">
      <Filter>Header Files</Filter>
    </ClInclude>
    <ClInclude Include="external\includes\glm\ext\vector_double4_precision.hpp">
      <Filter>Header Files</Filter>
    </ClInclude>
    <ClInclude Include="external\includes\glm\ext\vector_float1.hpp">
      <Filter>Header Files</Filter>
    </ClInclude>
    <ClInclude Include="external\includes\glm\ext\vector_float1_precision.hpp">
      <Filter>Header Files</Filter>
    </ClInclude>
    <ClInclude Include="external\includes\glm\ext\vector_float2.hpp">
      <Filter>Header Files</Filter>
    </ClInclude>
    <ClInclude Include="external\includes\glm\ext\vector_float2_precision.hpp">
      <Filter>Header Files</Filter>
    </ClInclude>
    <ClInclude Include="external\includes\glm\ext\vector_float3.hpp">
      <Filter>Header Files</Filter>
    </ClInclude>
    <ClInclude Include="external\includes\glm\ext\vector_float3_precision.hpp">
      <Filter>Header Files</Filter>
    </ClInclude>
    <ClInclude Include="external\includes\glm\ext\vector_float4.hpp">
      <Filter>Header Files</Filter>
    </ClInclude>
    <ClInclude Include="external\includes\glm\ext\vector_float4_precision.hpp">
      <Filter>Header Files</Filter>
    </ClInclude>
    <ClInclude Include="external\includes\glm\ext\vector_int1.hpp">
      <Filter>Header Files</Filter>
    </ClInclude>
    <ClInclude Include="external\includes\glm\ext\vector_int1_precision.hpp">
      <Filter>Header Files</Filter>
    </ClInclude>
    <ClInclude Include="external\includes\glm\ext\vector_int2.hpp">
      <Filter>Header Files</Filter>
    </ClInclude>
    <ClInclude Include="external\includes\glm\ext\vector_int2_precision.hpp">
      <Filter>Header Files</Filter>
    </ClInclude>
    <ClInclude Include="external\includes\glm\ext\vector_int3.hpp">
      <Filter>Header Files</Filter>
    </ClInclude>
    <ClInclude Include="external\includes\glm\ext\vector_int3_precision.hpp">
      <Filter>Header Files</Filter>
    </ClInclude>
    <ClInclude Include="external\includes\glm\ext\vector_int4.hpp">
      <Filter>Header Files</Filter>
    </ClInclude>
    <ClInclude Include="external\includes\glm\ext\vector_int4_precision.hpp">
      <Filter>Header Files</Filter>
    </ClInclude>
    <ClInclude Include="external\includes\glm\ext\vector_integer.hpp">
      <Filter>Header Files</Filter>
    </ClInclude>
    <ClInclude Include="external\includes\glm\ext\vector_relational.hpp">
      <Filter>Header Files</Filter>
    </ClInclude>
    <ClInclude Include="external\includes\glm\ext\vector_uint1.hpp">
      <Filter>Header Files</Filter>
    </ClInclude>
    <ClInclude Include="external\includes\glm\ext\vector_uint1_precision.hpp">
      <Filter>Header Files</Filter>
    </ClInclude>
    <ClInclude Include="external\includes\glm\ext\vector_uint2.hpp">
      <Filter>Header Files</Filter>
    </ClInclude>
    <ClInclude Include="external\includes\glm\ext\vector_uint2_precision.hpp">
      <Filter>Header Files</Filter>
    </ClInclude>
    <ClInclude Include="external\includes\glm\ext\vector_uint3.hpp">
      <Filter>Header Files</Filter>
    </ClInclude>
    <ClInclude Include="external\includes\glm\ext\vector_uint3_precision.hpp">
      <Filter>Header Files</Filter>
    </ClInclude>
    <ClInclude Include="external\includes\glm\ext\vector_uint4.hpp">
      <Filter>Header Files</Filter>
    </ClInclude>
    <ClInclude Include="external\includes\glm\ext\vector_uint4_precision.hpp">
      <Filter>Header Files</Filter>
    </ClInclude>
    <ClInclude Include="external\includes\glm\ext\vector_ulp.hpp">
      <Filter>Header Files</Filter>
    </ClInclude>
    <ClInclude Include="external\includes\glm\gtx\color_encoding.hpp">
      <Filter>Header Files</Filter>
    </ClInclude>
    <ClInclude Include="external\includes\glm\gtx\easing.hpp">
      <Filter>Header Files</Filter>
    </ClInclude>
    <ClInclude Include="external\includes\glm\gtx\exterior_product.hpp">
      <Filter>Header Files</Filter>
    </ClInclude>
    <ClInclude Include="external\includes\glm\gtx\functions.hpp">
      <Filter>Header Files</Filter>
    </ClInclude>
    <ClInclude Include="external\includes\glm\gtx\matrix_factorisation.hpp">
      <Filter>Header Files</Filter>
    </ClInclude>
    <ClInclude Include="external\includes\glm\gtx\texture.hpp">
      <Filter>Header Files</Filter>
    </ClInclude>
    <ClInclude Include="external\includes\glm\gtx\vec_swizzle.hpp">
      <Filter>Header Files</Filter>
    </ClInclude>
    <ClInclude Include="external\includes\glm\simd\neon.h">
      <Filter>Header Files</Filter>
    </ClInclude>
    <ClInclude Include="external\includes\KHR\khrplatform.h">
      <Filter>Header Files</Filter>
    </ClInclude>
  </ItemGroup>
  <ItemGroup>
    <None Include="resources\shaders\vertex.glsl" />
    <None Include="resources\shaders\fragment.glsl" />
    <None Include="external\includes\glm\detail\type_quat.inl">
      <Filter>Header Files</Filter>
    </None>
    <None Include="external\includes\glm\detail\type_quat_simd.inl">
      <Filter>Header Files</Filter>
    </None>
    <None Include="external\includes\glm\ext\matrix_clip_space.inl">
      <Filter>Header Files</Filter>
    </None>
    <None Include="external\includes\glm\ext\matrix_common.inl">
      <Filter>Header Files</Filter>
    </None>
    <None Include="external\includes\glm\ext\matrix_projection.inl">
      <Filter>Header Files</Filter>
    </None>
    <None Include="external\includes\glm\ext\matrix_relational.inl">
      <Filter>Header Files</Filter>
    </None>
    <None Include="external\includes\glm\ext\matrix_transform.inl">
      <Filter>Header Files</Filter>
    </None>
    <None Include="external\includes\glm\ext\quaternion_common.inl">
      <Filter>Header Files</Filter>
    </None>
    <None Include="external\includes\glm\ext\quaternion_common_simd.inl">
      <Filter>Header Files</Filter>
    </None>
    <None Include="external\includes\glm\ext\quaternion_exponential.inl">
      <Filter>Header Files</Filter>
    </None>
    <None Include="external\includes\glm\ext\quaternion_geometric.inl">
      <Filter>Header Files</Filter>
    </None>
    <None Include="external\includes\glm\ext\quaternion_relational.inl">
      <Filter>Header Files</Filter>
    </None>
    <None Include="external\includes\glm\ext\quaternion_transform.inl">
      <Filter>Header Files</Filter>
    </None>
    <None Include="external\includes\glm\ext\quaternion_trigonometric.inl">
      <Filter>Header Files</Filter>
    </None>
    <None Include="external\includes\glm\ext\scalar_common.inl">
      <Filter>Header Files</Filter>
    </None>
    <None Include="external\includes\glm\ext\scalar_constants.inl">
      <Filter>Header Files</Filter>
    </None>
    <None Include="external\includes\glm\ext\scalar_integer.inl">
      <Filter>Header Files</Filter>
    </None>
    <None Include="external\includes\glm\ext\scalar_relational.inl">
      <Filter>Header Files</Filter>
    </None>
    <None Include="external\includes\glm\ext\scalar_ulp.inl">
      <Filter>Header Files</Filter>
    </None>
    <None Include="external\includes\glm\ext\vector_common.inl">
      <Filter>Header Files</Filter>
    </None>
    <None Include="external\includes\glm\ext\vector_integer.inl">
      <Filter>Header Files</Filter>
    </None>
    <None Include="external\includes\glm\ext\vector_relational.inl">
      <Filter>Header Files</Filter>
    </None>
    <None Include="external\includes\glm\ext\vector_ulp.inl">
      <Filter>Header Files</Filter>
    </None>
    <None Include="external\includes\glm\gtx\color_encoding.inl">
      <Filter>Header Files</Filter>
    </None>
    <None Include="external\includes\glm\gtx\easing.inl">
      <Filter>Header Files</Filter>
    </None>
    <None Include="external\includes\glm\gtx\exterior_product.inl">
      <Filter>Header Files</Filter>
    </None>
    <None Include="external\includes\glm\gtx\functions.inl">
      <Filter>Header Files</Filter>
    </None>
    <None Include="external\includes\glm\gtx\matrix_factorisation.inl">
      <Filter>Header Files</Filter>
    </None>
    <None Include="external\includes\glm\gtx\texture.inl">
      <Filter>Header Files</Filter>
    </None>
  </ItemGroup>
  <ItemGroup>
    <Image Include="resources\textures\container.jpg">
      <Filter>Resource Files</Filter>
    </Image>
    <Image Include="resources\textures\awesomeface.png">
      <Filter>Resource Files</Filter>
    </Image>
  </ItemGroup>
</Project>